
Microsoft Visual Studio Solution File, Format Version 12.00
# Visual Studio Version 17
VisualStudioVersion = 17.14.36518.9 d17.14
MinimumVisualStudioVersion = 10.0.40219.1
Project("{FAE04EC0-301F-11D3-BF4B-00C04F79EFBC}") = "WebApplication1", "WebApplication1\WebApplication1.csproj", "{BAAA140E-9B14-4CDA-A943-DB58940C2536}"
EndProject
Global
	GlobalSection(SolutionConfigurationPlatforms) = preSolution
		Debug|Any CPU = Debug|Any CPU
		Release|Any CPU = Release|Any CPU
	EndGlobalSection
	GlobalSection(ProjectConfigurationPlatforms) = postSolution
		{BAAA140E-9B14-4CDA-A943-DB58940C2536}.Debug|Any CPU.ActiveCfg = Debug|Any CPU
		{BAAA140E-9B14-4CDA-A943-DB58940C2536}.Debug|Any CPU.Build.0 = Debug|Any CPU
		{BAAA140E-9B14-4CDA-A943-DB58940C2536}.Release|Any CPU.ActiveCfg = Release|Any CPU
		{BAAA140E-9B14-4CDA-A943-DB58940C2536}.Release|Any CPU.Build.0 = Release|Any CPU
	EndGlobalSection
	GlobalSection(SolutionProperties) = preSolution
		HideSolutionNode = FALSE
	EndGlobalSection
	GlobalSection(ExtensibilityGlobals) = postSolution
		SolutionGuid = {E489C538-3D4B-4488-A698-7DA853ADACCB}
	EndGlobalSection
EndGlobal
